
Microsoft Visual Studio Solution File, Format Version 12.00
# Visual Studio Version 17
VisualStudioVersion = 17.5.002.0
MinimumVisualStudioVersion = 10.0.40219.1
Project("{9A19103F-16F7-4668-BE54-9A1E7A4F7556}") = "MLS-Digital-MGM-API", "MLS-Digital-MGM-API.csproj", "{3983A173-08D2-48CE-A08B-B7F7AD9AAD6F}"
EndProject
Global
	GlobalSection(SolutionConfigurationPlatforms) = preSolution
		Debug|Any CPU = Debug|Any CPU
		Release|Any CPU = Release|Any CPU
	EndGlobalSection
	GlobalSection(ProjectConfigurationPlatforms) = postSolution
		{3983A173-08D2-48CE-A08B-B7F7AD9AAD6F}.Debug|Any CPU.ActiveCfg = Debug|Any CPU
		{3983A173-08D2-48CE-A08B-B7F7AD9AAD6F}.Debug|Any CPU.Build.0 = Debug|Any CPU
		{3983A173-08D2-48CE-A08B-B7F7AD9AAD6F}.Release|Any CPU.ActiveCfg = Release|Any CPU
		{3983A173-08D2-48CE-A08B-B7F7AD9AAD6F}.Release|Any CPU.Build.0 = Release|Any CPU
	EndGlobalSection
	GlobalSection(SolutionProperties) = preSolution
		HideSolutionNode = FALSE
	EndGlobalSection
	GlobalSection(ExtensibilityGlobals) = postSolution
		SolutionGuid = {F62A2C2E-6710-49E1-B568-22A571AA2D2C}
	EndGlobalSection
EndGlobal
